// !$*UTF8*$!
{
	archiveVersion = 1;
	classes = {
	};
	objectVersion = 56;
	objects = {

/* Begin PBXBuildFile section */
		25C836132C1FE99200ABC255 /* CarrocelView.swift in Sources */ = {isa = PBXBuildFile; fileRef = 25C836122C1FE99200ABC255 /* CarrocelView.swift */; };
		25C836152C204AA300ABC255 /* SplashView.swift in Sources */ = {isa = PBXBuildFile; fileRef = 25C836142C204AA300ABC255 /* SplashView.swift */; };
		BF7253CF2C1FDE2000098794 /* NC2_MagicFingerApp.swift in Sources */ = {isa = PBXBuildFile; fileRef = BF7253CE2C1FDE2000098794 /* NC2_MagicFingerApp.swift */; };
		BF7253D12C1FDE2000098794 /* ContentView.swift in Sources */ = {isa = PBXBuildFile; fileRef = BF7253D02C1FDE2000098794 /* ContentView.swift */; };
		BF7253D32C1FDE2200098794 /* Assets.xcassets in Resources */ = {isa = PBXBuildFile; fileRef = BF7253D22C1FDE2200098794 /* Assets.xcassets */; };
		BF7253D62C1FDE2200098794 /* Preview Assets.xcassets in Resources */ = {isa = PBXBuildFile; fileRef = BF7253D52C1FDE2200098794 /* Preview Assets.xcassets */; };
		BFF38EC02C212D5A00130A35 /* MainView.swift in Sources */ = {isa = PBXBuildFile; fileRef = BFF38EBF2C212D5A00130A35 /* MainView.swift */; };
		BFF38EC22C212FC600130A35 /* CameraPreviewView.swift in Sources */ = {isa = PBXBuildFile; fileRef = BFF38EC12C212FC600130A35 /* CameraPreviewView.swift */; };
		BFF38EC42C2130BE00130A35 /* CameraManager.swift in Sources */ = {isa = PBXBuildFile; fileRef = BFF38EC32C2130BE00130A35 /* CameraManager.swift */; };
		BFF38EC62C21317200130A35 /* CameraViewManager.swift in Sources */ = {isa = PBXBuildFile; fileRef = BFF38EC52C21317200130A35 /* CameraViewManager.swift */; };
		BFF38EC92C21700700130A35 /* VideoCapture.swift in Sources */ = {isa = PBXBuildFile; fileRef = BFF38EC82C21700700130A35 /* VideoCapture.swift */; };
		BFF38ECB2C21718E00130A35 /* AVCaptureDevice+FrameRate.swift in Sources */ = {isa = PBXBuildFile; fileRef = BFF38ECA2C21718E00130A35 /* AVCaptureDevice+FrameRate.swift */; };
		BFF38ECD2C2171D200130A35 /* AVCaptureDeviceInput+Camera.swift in Sources */ = {isa = PBXBuildFile; fileRef = BFF38ECC2C2171D200130A35 /* AVCaptureDeviceInput+Camera.swift */; };
		BFF38ECF2C2171EF00130A35 /* AVCaptureVideoDataOutput+PixelFormat.swift in Sources */ = {isa = PBXBuildFile; fileRef = BFF38ECE2C2171EF00130A35 /* AVCaptureVideoDataOutput+PixelFormat.swift */; };
		BFF38ED22C21809600130A35 /* MainViewController.swift in Sources */ = {isa = PBXBuildFile; fileRef = BFF38ED12C21809600130A35 /* MainViewController.swift */; };
		BFF38ED42C2180BB00130A35 /* SummaryViewController.swift in Sources */ = {isa = PBXBuildFile; fileRef = BFF38ED32C2180BB00130A35 /* SummaryViewController.swift */; };
		BFF38ED72C2180DC00130A35 /* Pose.swift in Sources */ = {isa = PBXBuildFile; fileRef = BFF38ED62C2180DC00130A35 /* Pose.swift */; };
		BFF38ED92C2180F500130A35 /* Pose+Landmark.swift in Sources */ = {isa = PBXBuildFile; fileRef = BFF38ED82C2180F500130A35 /* Pose+Landmark.swift */; };
		BFF38EDB2C21811B00130A35 /* Pose+Connection.swift in Sources */ = {isa = PBXBuildFile; fileRef = BFF38EDA2C21811B00130A35 /* Pose+Connection.swift */; };
		BFF38EDD2C21813700130A35 /* Pose+Empty.swift in Sources */ = {isa = PBXBuildFile; fileRef = BFF38EDC2C21813700130A35 /* Pose+Empty.swift */; };
		BFF38EE02C21817100130A35 /* ActionPrediction.swift in Sources */ = {isa = PBXBuildFile; fileRef = BFF38EDF2C21817100130A35 /* ActionPrediction.swift */; };
		BFF38EE22C21819400130A35 /* ExerciseClassifier+Singleton.swift in Sources */ = {isa = PBXBuildFile; fileRef = BFF38EE12C21819400130A35 /* ExerciseClassifier+Singleton.swift */; };
		BFF38EE42C2181AC00130A35 /* ExerciseClassifier+Label.swift in Sources */ = {isa = PBXBuildFile; fileRef = BFF38EE32C2181AC00130A35 /* ExerciseClassifier+Label.swift */; };
		BFF38EE62C2181C300130A35 /* ExerciseClassifier+LabelCheck.swift in Sources */ = {isa = PBXBuildFile; fileRef = BFF38EE52C2181C300130A35 /* ExerciseClassifier+LabelCheck.swift */; };
		BFF38EE82C2181DE00130A35 /* ExerciseClassifier+PredictAction.swift in Sources */ = {isa = PBXBuildFile; fileRef = BFF38EE72C2181DE00130A35 /* ExerciseClassifier+PredictAction.swift */; };
		BFF38EEA2C2181FA00130A35 /* ExerciseClassifier+FrameRate.swift in Sources */ = {isa = PBXBuildFile; fileRef = BFF38EE92C2181FA00130A35 /* ExerciseClassifier+FrameRate.swift */; };
		BFF38EED2C21823000130A35 /* VideoProcessingChain.swift in Sources */ = {isa = PBXBuildFile; fileRef = BFF38EEC2C21823000130A35 /* VideoProcessingChain.swift */; };
		BFF38EEF2C21827300130A35 /* ExerciseClassifier.mlmodel in Sources */ = {isa = PBXBuildFile; fileRef = BFF38EEE2C21827300130A35 /* ExerciseClassifier.mlmodel */; };
		BFF38EF22C2182B100130A35 /* PerformanceReporter.swift in Sources */ = {isa = PBXBuildFile; fileRef = BFF38EF12C2182B100130A35 /* PerformanceReporter.swift */; };
		BFF38EF42C21889C00130A35 /* MainViewModel.swift in Sources */ = {isa = PBXBuildFile; fileRef = BFF38EF32C21889C00130A35 /* MainViewModel.swift */; };
		BFF38EF72C2188DF00130A35 /* SummaryView.swift in Sources */ = {isa = PBXBuildFile; fileRef = BFF38EF62C2188DF00130A35 /* SummaryView.swift */; };
		BFF38EF92C218E7F00130A35 /* PoseOverlayView.swift in Sources */ = {isa = PBXBuildFile; fileRef = BFF38EF82C218E7F00130A35 /* PoseOverlayView.swift */; };
/* End PBXBuildFile section */

/* Begin PBXFileReference section */
		25C836122C1FE99200ABC255 /* CarrocelView.swift */ = {isa = PBXFileReference; lastKnownFileType = sourcecode.swift; path = CarrocelView.swift; sourceTree = "<group>"; };
		25C836142C204AA300ABC255 /* SplashView.swift */ = {isa = PBXFileReference; lastKnownFileType = sourcecode.swift; path = SplashView.swift; sourceTree = "<group>"; };
		BF7253CB2C1FDE2000098794 /* NC2-MagicFinger.app */ = {isa = PBXFileReference; explicitFileType = wrapper.application; includeInIndex = 0; path = "NC2-MagicFinger.app"; sourceTree = BUILT_PRODUCTS_DIR; };
		BF7253CE2C1FDE2000098794 /* NC2_MagicFingerApp.swift */ = {isa = PBXFileReference; lastKnownFileType = sourcecode.swift; path = NC2_MagicFingerApp.swift; sourceTree = "<group>"; };
		BF7253D02C1FDE2000098794 /* ContentView.swift */ = {isa = PBXFileReference; lastKnownFileType = sourcecode.swift; path = ContentView.swift; sourceTree = "<group>"; };
		BF7253D22C1FDE2200098794 /* Assets.xcassets */ = {isa = PBXFileReference; lastKnownFileType = folder.assetcatalog; path = Assets.xcassets; sourceTree = "<group>"; };
		BF7253D52C1FDE2200098794 /* Preview Assets.xcassets */ = {isa = PBXFileReference; lastKnownFileType = folder.assetcatalog; path = "Preview Assets.xcassets"; sourceTree = "<group>"; };
		BFF38EBF2C212D5A00130A35 /* MainView.swift */ = {isa = PBXFileReference; lastKnownFileType = sourcecode.swift; path = MainView.swift; sourceTree = "<group>"; };
		BFF38EC12C212FC600130A35 /* CameraPreviewView.swift */ = {isa = PBXFileReference; lastKnownFileType = sourcecode.swift; path = CameraPreviewView.swift; sourceTree = "<group>"; };
		BFF38EC32C2130BE00130A35 /* CameraManager.swift */ = {isa = PBXFileReference; lastKnownFileType = sourcecode.swift; path = CameraManager.swift; sourceTree = "<group>"; };
		BFF38EC52C21317200130A35 /* CameraViewManager.swift */ = {isa = PBXFileReference; lastKnownFileType = sourcecode.swift; path = CameraViewManager.swift; sourceTree = "<group>"; };
		BFF38EC82C21700700130A35 /* VideoCapture.swift */ = {isa = PBXFileReference; lastKnownFileType = sourcecode.swift; path = VideoCapture.swift; sourceTree = "<group>"; };
		BFF38ECA2C21718E00130A35 /* AVCaptureDevice+FrameRate.swift */ = {isa = PBXFileReference; lastKnownFileType = sourcecode.swift; path = "AVCaptureDevice+FrameRate.swift"; sourceTree = "<group>"; };
		BFF38ECC2C2171D200130A35 /* AVCaptureDeviceInput+Camera.swift */ = {isa = PBXFileReference; lastKnownFileType = sourcecode.swift; path = "AVCaptureDeviceInput+Camera.swift"; sourceTree = "<group>"; };
		BFF38ECE2C2171EF00130A35 /* AVCaptureVideoDataOutput+PixelFormat.swift */ = {isa = PBXFileReference; lastKnownFileType = sourcecode.swift; path = "AVCaptureVideoDataOutput+PixelFormat.swift"; sourceTree = "<group>"; };
		BFF38ED12C21809600130A35 /* MainViewController.swift */ = {isa = PBXFileReference; lastKnownFileType = sourcecode.swift; path = MainViewController.swift; sourceTree = "<group>"; };
		BFF38ED32C2180BB00130A35 /* SummaryViewController.swift */ = {isa = PBXFileReference; lastKnownFileType = sourcecode.swift; path = SummaryViewController.swift; sourceTree = "<group>"; };
		BFF38ED62C2180DC00130A35 /* Pose.swift */ = {isa = PBXFileReference; lastKnownFileType = sourcecode.swift; path = Pose.swift; sourceTree = "<group>"; };
		BFF38ED82C2180F500130A35 /* Pose+Landmark.swift */ = {isa = PBXFileReference; lastKnownFileType = sourcecode.swift; path = "Pose+Landmark.swift"; sourceTree = "<group>"; };
		BFF38EDA2C21811B00130A35 /* Pose+Connection.swift */ = {isa = PBXFileReference; lastKnownFileType = sourcecode.swift; path = "Pose+Connection.swift"; sourceTree = "<group>"; };
		BFF38EDC2C21813700130A35 /* Pose+Empty.swift */ = {isa = PBXFileReference; lastKnownFileType = sourcecode.swift; path = "Pose+Empty.swift"; sourceTree = "<group>"; };
		BFF38EDF2C21817100130A35 /* ActionPrediction.swift */ = {isa = PBXFileReference; lastKnownFileType = sourcecode.swift; path = ActionPrediction.swift; sourceTree = "<group>"; };
		BFF38EE12C21819400130A35 /* ExerciseClassifier+Singleton.swift */ = {isa = PBXFileReference; lastKnownFileType = sourcecode.swift; path = "ExerciseClassifier+Singleton.swift"; sourceTree = "<group>"; };
		BFF38EE32C2181AC00130A35 /* ExerciseClassifier+Label.swift */ = {isa = PBXFileReference; lastKnownFileType = sourcecode.swift; path = "ExerciseClassifier+Label.swift"; sourceTree = "<group>"; };
		BFF38EE52C2181C300130A35 /* ExerciseClassifier+LabelCheck.swift */ = {isa = PBXFileReference; lastKnownFileType = sourcecode.swift; path = "ExerciseClassifier+LabelCheck.swift"; sourceTree = "<group>"; };
		BFF38EE72C2181DE00130A35 /* ExerciseClassifier+PredictAction.swift */ = {isa = PBXFileReference; lastKnownFileType = sourcecode.swift; path = "ExerciseClassifier+PredictAction.swift"; sourceTree = "<group>"; };
		BFF38EE92C2181FA00130A35 /* ExerciseClassifier+FrameRate.swift */ = {isa = PBXFileReference; lastKnownFileType = sourcecode.swift; path = "ExerciseClassifier+FrameRate.swift"; sourceTree = "<group>"; };
		BFF38EEC2C21823000130A35 /* VideoProcessingChain.swift */ = {isa = PBXFileReference; lastKnownFileType = sourcecode.swift; path = VideoProcessingChain.swift; sourceTree = "<group>"; };
		BFF38EEE2C21827300130A35 /* ExerciseClassifier.mlmodel */ = {isa = PBXFileReference; lastKnownFileType = file.mlmodel; path = ExerciseClassifier.mlmodel; sourceTree = "<group>"; };
		BFF38EF12C2182B100130A35 /* PerformanceReporter.swift */ = {isa = PBXFileReference; lastKnownFileType = sourcecode.swift; path = PerformanceReporter.swift; sourceTree = "<group>"; };
		BFF38EF32C21889C00130A35 /* MainViewModel.swift */ = {isa = PBXFileReference; lastKnownFileType = sourcecode.swift; path = MainViewModel.swift; sourceTree = "<group>"; };
		BFF38EF62C2188DF00130A35 /* SummaryView.swift */ = {isa = PBXFileReference; lastKnownFileType = sourcecode.swift; path = SummaryView.swift; sourceTree = "<group>"; };
		BFF38EF82C218E7F00130A35 /* PoseOverlayView.swift */ = {isa = PBXFileReference; lastKnownFileType = sourcecode.swift; path = PoseOverlayView.swift; sourceTree = "<group>"; };
/* End PBXFileReference section */

/* Begin PBXFrameworksBuildPhase section */
		BF7253C82C1FDE2000098794 /* Frameworks */ = {
			isa = PBXFrameworksBuildPhase;
			buildActionMask = 2147483647;
			files = (
			);
			runOnlyForDeploymentPostprocessing = 0;
		};
/* End PBXFrameworksBuildPhase section */

/* Begin PBXGroup section */
		BF7253C22C1FDE2000098794 = {
			isa = PBXGroup;
			children = (
				BF7253CD2C1FDE2000098794 /* NC2-MagicFinger */,
				BF7253CC2C1FDE2000098794 /* Products */,
			);
			sourceTree = "<group>";
		};
		BF7253CC2C1FDE2000098794 /* Products */ = {
			isa = PBXGroup;
			children = (
				BF7253CB2C1FDE2000098794 /* NC2-MagicFinger.app */,
			);
			name = Products;
			sourceTree = "<group>";
		};
		BF7253CD2C1FDE2000098794 /* NC2-MagicFinger */ = {
			isa = PBXGroup;
			children = (
				BF7253CE2C1FDE2000098794 /* NC2_MagicFingerApp.swift */,
				BF7253D02C1FDE2000098794 /* ContentView.swift */,
				25C836122C1FE99200ABC255 /* CarrocelView.swift */,
				25C836142C204AA300ABC255 /* SplashView.swift */,
				BFF38EBE2C212CC100130A35 /* Camera */,
				BF7253D22C1FDE2200098794 /* Assets.xcassets */,
				BF7253D42C1FDE2200098794 /* Preview Content */,
			);
			path = "NC2-MagicFinger";
			sourceTree = "<group>";
		};
		BF7253D42C1FDE2200098794 /* Preview Content */ = {
			isa = PBXGroup;
			children = (
				BF7253D52C1FDE2200098794 /* Preview Assets.xcassets */,
			);
			path = "Preview Content";
			sourceTree = "<group>";
		};
		BFF38EBE2C212CC100130A35 /* Camera */ = {
			isa = PBXGroup;
			children = (
				BFF38EF02C21829800130A35 /* Utility */,
				BFF38EEB2C21821E00130A35 /* Video Processing Chain */,
				BFF38EDE2C21815F00130A35 /* Action Classifier */,
				BFF38ED52C2180CD00130A35 /* Pose */,
				BFF38ED02C21807300130A35 /* Views_UI */,
				BFF38EC72C216FDF00130A35 /* Video Capture */,
				BFF38EF52C2188C800130A35 /* Views */,
			);
			path = Camera;
			sourceTree = "<group>";
		};
		BFF38EC72C216FDF00130A35 /* Video Capture */ = {
			isa = PBXGroup;
			children = (
				BFF38EC82C21700700130A35 /* VideoCapture.swift */,
				BFF38ECA2C21718E00130A35 /* AVCaptureDevice+FrameRate.swift */,
				BFF38ECC2C2171D200130A35 /* AVCaptureDeviceInput+Camera.swift */,
				BFF38ECE2C2171EF00130A35 /* AVCaptureVideoDataOutput+PixelFormat.swift */,
			);
			path = "Video Capture";
			sourceTree = "<group>";
		};
		BFF38ED02C21807300130A35 /* Views_UI */ = {
			isa = PBXGroup;
			children = (
				BFF38ED12C21809600130A35 /* MainViewController.swift */,
				BFF38ED32C2180BB00130A35 /* SummaryViewController.swift */,
			);
			path = Views_UI;
			sourceTree = "<group>";
		};
		BFF38ED52C2180CD00130A35 /* Pose */ = {
			isa = PBXGroup;
			children = (
				BFF38ED62C2180DC00130A35 /* Pose.swift */,
				BFF38ED82C2180F500130A35 /* Pose+Landmark.swift */,
				BFF38EDA2C21811B00130A35 /* Pose+Connection.swift */,
				BFF38EDC2C21813700130A35 /* Pose+Empty.swift */,
			);
			path = Pose;
			sourceTree = "<group>";
		};
		BFF38EDE2C21815F00130A35 /* Action Classifier */ = {
			isa = PBXGroup;
			children = (
				BFF38EEE2C21827300130A35 /* ExerciseClassifier.mlmodel */,
				BFF38EDF2C21817100130A35 /* ActionPrediction.swift */,
				BFF38EE12C21819400130A35 /* ExerciseClassifier+Singleton.swift */,
				BFF38EE32C2181AC00130A35 /* ExerciseClassifier+Label.swift */,
				BFF38EE52C2181C300130A35 /* ExerciseClassifier+LabelCheck.swift */,
				BFF38EE72C2181DE00130A35 /* ExerciseClassifier+PredictAction.swift */,
				BFF38EE92C2181FA00130A35 /* ExerciseClassifier+FrameRate.swift */,
			);
			path = "Action Classifier";
			sourceTree = "<group>";
		};
		BFF38EEB2C21821E00130A35 /* Video Processing Chain */ = {
			isa = PBXGroup;
			children = (
				BFF38EEC2C21823000130A35 /* VideoProcessingChain.swift */,
			);
			path = "Video Processing Chain";
			sourceTree = "<group>";
		};
		BFF38EF02C21829800130A35 /* Utility */ = {
			isa = PBXGroup;
			children = (
				BFF38EF12C2182B100130A35 /* PerformanceReporter.swift */,
			);
			path = Utility;
			sourceTree = "<group>";
		};
		BFF38EF52C2188C800130A35 /* Views */ = {
			isa = PBXGroup;
			children = (
				BFF38EBF2C212D5A00130A35 /* MainView.swift */,
				BFF38EC12C212FC600130A35 /* CameraPreviewView.swift */,
				BFF38EF32C21889C00130A35 /* MainViewModel.swift */,
				BFF38EC32C2130BE00130A35 /* CameraManager.swift */,
				BFF38EC52C21317200130A35 /* CameraViewManager.swift */,
				BFF38EF62C2188DF00130A35 /* SummaryView.swift */,
				BFF38EF82C218E7F00130A35 /* PoseOverlayView.swift */,
			);
			path = Views;
			sourceTree = "<group>";
		};
/* End PBXGroup section */

/* Begin PBXNativeTarget section */
		BF7253CA2C1FDE2000098794 /* NC2-MagicFinger */ = {
			isa = PBXNativeTarget;
			buildConfigurationList = BF7253D92C1FDE2200098794 /* Build configuration list for PBXNativeTarget "NC2-MagicFinger" */;
			buildPhases = (
				BF7253C72C1FDE2000098794 /* Sources */,
				BF7253C82C1FDE2000098794 /* Frameworks */,
				BF7253C92C1FDE2000098794 /* Resources */,
			);
			buildRules = (
			);
			dependencies = (
			);
			name = "NC2-MagicFinger";
			productName = "NC2-MagicFinger";
			productReference = BF7253CB2C1FDE2000098794 /* NC2-MagicFinger.app */;
			productType = "com.apple.product-type.application";
		};
/* End PBXNativeTarget section */

/* Begin PBXProject section */
		BF7253C32C1FDE2000098794 /* Project object */ = {
			isa = PBXProject;
			attributes = {
				BuildIndependentTargetsInParallel = 1;
				LastSwiftUpdateCheck = 1530;
				LastUpgradeCheck = 1530;
				TargetAttributes = {
					BF7253CA2C1FDE2000098794 = {
						CreatedOnToolsVersion = 15.3;
					};
				};
			};
			buildConfigurationList = BF7253C62C1FDE2000098794 /* Build configuration list for PBXProject "NC2-MagicFinger" */;
			compatibilityVersion = "Xcode 14.0";
			developmentRegion = en;
			hasScannedForEncodings = 0;
			knownRegions = (
				en,
				Base,
			);
			mainGroup = BF7253C22C1FDE2000098794;
			productRefGroup = BF7253CC2C1FDE2000098794 /* Products */;
			projectDirPath = "";
			projectRoot = "";
			targets = (
				BF7253CA2C1FDE2000098794 /* NC2-MagicFinger */,
			);
		};
/* End PBXProject section */

/* Begin PBXResourcesBuildPhase section */
		BF7253C92C1FDE2000098794 /* Resources */ = {
			isa = PBXResourcesBuildPhase;
			buildActionMask = 2147483647;
			files = (
				BF7253D62C1FDE2200098794 /* Preview Assets.xcassets in Resources */,
				BF7253D32C1FDE2200098794 /* Assets.xcassets in Resources */,
			);
			runOnlyForDeploymentPostprocessing = 0;
		};
/* End PBXResourcesBuildPhase section */

/* Begin PBXSourcesBuildPhase section */
		BF7253C72C1FDE2000098794 /* Sources */ = {
			isa = PBXSourcesBuildPhase;
			buildActionMask = 2147483647;
			files = (
				25C836132C1FE99200ABC255 /* CarrocelView.swift in Sources */,
				BFF38ED22C21809600130A35 /* MainViewController.swift in Sources */,
				BFF38EC62C21317200130A35 /* CameraViewManager.swift in Sources */,
				BFF38EC42C2130BE00130A35 /* CameraManager.swift in Sources */,
				25C836152C204AA300ABC255 /* SplashView.swift in Sources */,
				BFF38ED42C2180BB00130A35 /* SummaryViewController.swift in Sources */,
				BFF38EDB2C21811B00130A35 /* Pose+Connection.swift in Sources */,
				BFF38EF42C21889C00130A35 /* MainViewModel.swift in Sources */,
				BFF38EC92C21700700130A35 /* VideoCapture.swift in Sources */,
				BFF38EE62C2181C300130A35 /* ExerciseClassifier+LabelCheck.swift in Sources */,
				BFF38EE22C21819400130A35 /* ExerciseClassifier+Singleton.swift in Sources */,
				BFF38EF72C2188DF00130A35 /* SummaryView.swift in Sources */,
				BFF38ECD2C2171D200130A35 /* AVCaptureDeviceInput+Camera.swift in Sources */,
				BFF38EE02C21817100130A35 /* ActionPrediction.swift in Sources */,
				BFF38EEA2C2181FA00130A35 /* ExerciseClassifier+FrameRate.swift in Sources */,
				BFF38EEF2C21827300130A35 /* ExerciseClassifier.mlmodel in Sources */,
				BFF38EF22C2182B100130A35 /* PerformanceReporter.swift in Sources */,
				BFF38EC22C212FC600130A35 /* CameraPreviewView.swift in Sources */,
				BFF38ED72C2180DC00130A35 /* Pose.swift in Sources */,
				BFF38ED92C2180F500130A35 /* Pose+Landmark.swift in Sources */,
				BFF38EF92C218E7F00130A35 /* PoseOverlayView.swift in Sources */,
				BF7253D12C1FDE2000098794 /* ContentView.swift in Sources */,
				BFF38ECF2C2171EF00130A35 /* AVCaptureVideoDataOutput+PixelFormat.swift in Sources */,
				BFF38EED2C21823000130A35 /* VideoProcessingChain.swift in Sources */,
				BFF38EC02C212D5A00130A35 /* MainView.swift in Sources */,
				BF7253CF2C1FDE2000098794 /* NC2_MagicFingerApp.swift in Sources */,
				BFF38EE82C2181DE00130A35 /* ExerciseClassifier+PredictAction.swift in Sources */,
				BFF38EDD2C21813700130A35 /* Pose+Empty.swift in Sources */,
				BFF38ECB2C21718E00130A35 /* AVCaptureDevice+FrameRate.swift in Sources */,
				BFF38EE42C2181AC00130A35 /* ExerciseClassifier+Label.swift in Sources */,
			);
			runOnlyForDeploymentPostprocessing = 0;
		};
/* End PBXSourcesBuildPhase section */

/* Begin XCBuildConfiguration section */
		BF7253D72C1FDE2200098794 /* Debug */ = {
			isa = XCBuildConfiguration;
			buildSettings = {
				ALWAYS_SEARCH_USER_PATHS = NO;
				ASSETCATALOG_COMPILER_GENERATE_SWIFT_ASSET_SYMBOL_EXTENSIONS = YES;
				CLANG_ANALYZER_NONNULL = YES;
				CLANG_ANALYZER_NUMBER_OBJECT_CONVERSION = YES_AGGRESSIVE;
				CLANG_CXX_LANGUAGE_STANDARD = "gnu++20";
				CLANG_ENABLE_MODULES = YES;
				CLANG_ENABLE_OBJC_ARC = YES;
				CLANG_ENABLE_OBJC_WEAK = YES;
				CLANG_WARN_BLOCK_CAPTURE_AUTORELEASING = YES;
				CLANG_WARN_BOOL_CONVERSION = YES;
				CLANG_WARN_COMMA = YES;
				CLANG_WARN_CONSTANT_CONVERSION = YES;
				CLANG_WARN_DEPRECATED_OBJC_IMPLEMENTATIONS = YES;
				CLANG_WARN_DIRECT_OBJC_ISA_USAGE = YES_ERROR;
				CLANG_WARN_DOCUMENTATION_COMMENTS = YES;
				CLANG_WARN_EMPTY_BODY = YES;
				CLANG_WARN_ENUM_CONVERSION = YES;
				CLANG_WARN_INFINITE_RECURSION = YES;
				CLANG_WARN_INT_CONVERSION = YES;
				CLANG_WARN_NON_LITERAL_NULL_CONVERSION = YES;
				CLANG_WARN_OBJC_IMPLICIT_RETAIN_SELF = YES;
				CLANG_WARN_OBJC_LITERAL_CONVERSION = YES;
				CLANG_WARN_OBJC_ROOT_CLASS = YES_ERROR;
				CLANG_WARN_QUOTED_INCLUDE_IN_FRAMEWORK_HEADER = YES;
				CLANG_WARN_RANGE_LOOP_ANALYSIS = YES;
				CLANG_WARN_STRICT_PROTOTYPES = YES;
				CLANG_WARN_SUSPICIOUS_MOVE = YES;
				CLANG_WARN_UNGUARDED_AVAILABILITY = YES_AGGRESSIVE;
				CLANG_WARN_UNREACHABLE_CODE = YES;
				CLANG_WARN__DUPLICATE_METHOD_MATCH = YES;
				COPY_PHASE_STRIP = NO;
				DEBUG_INFORMATION_FORMAT = dwarf;
				ENABLE_STRICT_OBJC_MSGSEND = YES;
				ENABLE_TESTABILITY = YES;
				ENABLE_USER_SCRIPT_SANDBOXING = YES;
				GCC_C_LANGUAGE_STANDARD = gnu17;
				GCC_DYNAMIC_NO_PIC = NO;
				GCC_NO_COMMON_BLOCKS = YES;
				GCC_OPTIMIZATION_LEVEL = 0;
				GCC_PREPROCESSOR_DEFINITIONS = (
					"DEBUG=1",
					"$(inherited)",
				);
				GCC_WARN_64_TO_32_BIT_CONVERSION = YES;
				GCC_WARN_ABOUT_RETURN_TYPE = YES_ERROR;
				GCC_WARN_UNDECLARED_SELECTOR = YES;
				GCC_WARN_UNINITIALIZED_AUTOS = YES_AGGRESSIVE;
				GCC_WARN_UNUSED_FUNCTION = YES;
				GCC_WARN_UNUSED_VARIABLE = YES;
				IPHONEOS_DEPLOYMENT_TARGET = 17.4;
				LOCALIZATION_PREFERS_STRING_CATALOGS = YES;
				MTL_ENABLE_DEBUG_INFO = INCLUDE_SOURCE;
				MTL_FAST_MATH = YES;
				ONLY_ACTIVE_ARCH = YES;
				SDKROOT = iphoneos;
				SWIFT_ACTIVE_COMPILATION_CONDITIONS = "DEBUG $(inherited)";
				SWIFT_OPTIMIZATION_LEVEL = "-Onone";
			};
			name = Debug;
		};
		BF7253D82C1FDE2200098794 /* Release */ = {
			isa = XCBuildConfiguration;
			buildSettings = {
				ALWAYS_SEARCH_USER_PATHS = NO;
				ASSETCATALOG_COMPILER_GENERATE_SWIFT_ASSET_SYMBOL_EXTENSIONS = YES;
				CLANG_ANALYZER_NONNULL = YES;
				CLANG_ANALYZER_NUMBER_OBJECT_CONVERSION = YES_AGGRESSIVE;
				CLANG_CXX_LANGUAGE_STANDARD = "gnu++20";
				CLANG_ENABLE_MODULES = YES;
				CLANG_ENABLE_OBJC_ARC = YES;
				CLANG_ENABLE_OBJC_WEAK = YES;
				CLANG_WARN_BLOCK_CAPTURE_AUTORELEASING = YES;
				CLANG_WARN_BOOL_CONVERSION = YES;
				CLANG_WARN_COMMA = YES;
				CLANG_WARN_CONSTANT_CONVERSION = YES;
				CLANG_WARN_DEPRECATED_OBJC_IMPLEMENTATIONS = YES;
				CLANG_WARN_DIRECT_OBJC_ISA_USAGE = YES_ERROR;
				CLANG_WARN_DOCUMENTATION_COMMENTS = YES;
				CLANG_WARN_EMPTY_BODY = YES;
				CLANG_WARN_ENUM_CONVERSION = YES;
				CLANG_WARN_INFINITE_RECURSION = YES;
				CLANG_WARN_INT_CONVERSION = YES;
				CLANG_WARN_NON_LITERAL_NULL_CONVERSION = YES;
				CLANG_WARN_OBJC_IMPLICIT_RETAIN_SELF = YES;
				CLANG_WARN_OBJC_LITERAL_CONVERSION = YES;
				CLANG_WARN_OBJC_ROOT_CLASS = YES_ERROR;
				CLANG_WARN_QUOTED_INCLUDE_IN_FRAMEWORK_HEADER = YES;
				CLANG_WARN_RANGE_LOOP_ANALYSIS = YES;
				CLANG_WARN_STRICT_PROTOTYPES = YES;
				CLANG_WARN_SUSPICIOUS_MOVE = YES;
				CLANG_WARN_UNGUARDED_AVAILABILITY = YES_AGGRESSIVE;
				CLANG_WARN_UNREACHABLE_CODE = YES;
				CLANG_WARN__DUPLICATE_METHOD_MATCH = YES;
				COPY_PHASE_STRIP = NO;
				DEBUG_INFORMATION_FORMAT = "dwarf-with-dsym";
				ENABLE_NS_ASSERTIONS = NO;
				ENABLE_STRICT_OBJC_MSGSEND = YES;
				ENABLE_USER_SCRIPT_SANDBOXING = YES;
				GCC_C_LANGUAGE_STANDARD = gnu17;
				GCC_NO_COMMON_BLOCKS = YES;
				GCC_WARN_64_TO_32_BIT_CONVERSION = YES;
				GCC_WARN_ABOUT_RETURN_TYPE = YES_ERROR;
				GCC_WARN_UNDECLARED_SELECTOR = YES;
				GCC_WARN_UNINITIALIZED_AUTOS = YES_AGGRESSIVE;
				GCC_WARN_UNUSED_FUNCTION = YES;
				GCC_WARN_UNUSED_VARIABLE = YES;
				IPHONEOS_DEPLOYMENT_TARGET = 17.4;
				LOCALIZATION_PREFERS_STRING_CATALOGS = YES;
				MTL_ENABLE_DEBUG_INFO = NO;
				MTL_FAST_MATH = YES;
				SDKROOT = iphoneos;
				SWIFT_COMPILATION_MODE = wholemodule;
				VALIDATE_PRODUCT = YES;
			};
			name = Release;
		};
		BF7253DA2C1FDE2200098794 /* Debug */ = {
			isa = XCBuildConfiguration;
			buildSettings = {
				ASSETCATALOG_COMPILER_APPICON_NAME = AppIcon;
				ASSETCATALOG_COMPILER_GLOBAL_ACCENT_COLOR_NAME = AccentColor;
				CODE_SIGN_STYLE = Automatic;
				CURRENT_PROJECT_VERSION = 1;
				DEVELOPMENT_ASSET_PATHS = "\"NC2-MagicFinger/Preview Content\"";
				DEVELOPMENT_TEAM = 8U8S6CBZ9D;
				ENABLE_PREVIEWS = YES;
				GENERATE_INFOPLIST_FILE = YES;
				INFOPLIST_KEY_NSCameraUsageDescription = "손 동작 감지를 위해 카메라에 접근합니다.";
				INFOPLIST_KEY_UIApplicationSceneManifest_Generation = YES;
				INFOPLIST_KEY_UIApplicationSupportsIndirectInputEvents = YES;
				INFOPLIST_KEY_UILaunchScreen_Generation = YES;
				INFOPLIST_KEY_UISupportedInterfaceOrientations_iPad = "UIInterfaceOrientationPortrait UIInterfaceOrientationPortraitUpsideDown UIInterfaceOrientationLandscapeLeft UIInterfaceOrientationLandscapeRight";
				INFOPLIST_KEY_UISupportedInterfaceOrientations_iPhone = "UIInterfaceOrientationPortrait UIInterfaceOrientationLandscapeLeft UIInterfaceOrientationLandscapeRight";
				LD_RUNPATH_SEARCH_PATHS = (
					"$(inherited)",
					"@executable_path/Frameworks",
				);
				MARKETING_VERSION = 1.0;
				PRODUCT_BUNDLE_IDENTIFIER = "com.NC2-MagicFinger";
				PRODUCT_NAME = "$(TARGET_NAME)";
				SWIFT_EMIT_LOC_STRINGS = YES;
				SWIFT_VERSION = 5.0;
				TARGETED_DEVICE_FAMILY = "1,2";
			};
			name = Debug;
		};
		BF7253DB2C1FDE2200098794 /* Release */ = {
			isa = XCBuildConfiguration;
			buildSettings = {
				ASSETCATALOG_COMPILER_APPICON_NAME = AppIcon;
				ASSETCATALOG_COMPILER_GLOBAL_ACCENT_COLOR_NAME = AccentColor;
				CODE_SIGN_STYLE = Automatic;
				CURRENT_PROJECT_VERSION = 1;
				DEVELOPMENT_ASSET_PATHS = "\"NC2-MagicFinger/Preview Content\"";
				DEVELOPMENT_TEAM = 8U8S6CBZ9D;
				ENABLE_PREVIEWS = YES;
				GENERATE_INFOPLIST_FILE = YES;
				INFOPLIST_KEY_NSCameraUsageDescription = "손 동작 감지를 위해 카메라에 접근합니다.";
				INFOPLIST_KEY_UIApplicationSceneManifest_Generation = YES;
				INFOPLIST_KEY_UIApplicationSupportsIndirectInputEvents = YES;
				INFOPLIST_KEY_UILaunchScreen_Generation = YES;
				INFOPLIST_KEY_UISupportedInterfaceOrientations_iPad = "UIInterfaceOrientationPortrait UIInterfaceOrientationPortraitUpsideDown UIInterfaceOrientationLandscapeLeft UIInterfaceOrientationLandscapeRight";
				INFOPLIST_KEY_UISupportedInterfaceOrientations_iPhone = "UIInterfaceOrientationPortrait UIInterfaceOrientationLandscapeLeft UIInterfaceOrientationLandscapeRight";
				LD_RUNPATH_SEARCH_PATHS = (
					"$(inherited)",
					"@executable_path/Frameworks",
				);
				MARKETING_VERSION = 1.0;
				PRODUCT_BUNDLE_IDENTIFIER = "com.NC2-MagicFinger";
				PRODUCT_NAME = "$(TARGET_NAME)";
				SWIFT_EMIT_LOC_STRINGS = YES;
				SWIFT_VERSION = 5.0;
				TARGETED_DEVICE_FAMILY = "1,2";
			};
			name = Release;
		};
/* End XCBuildConfiguration section */

/* Begin XCConfigurationList section */
		BF7253C62C1FDE2000098794 /* Build configuration list for PBXProject "NC2-MagicFinger" */ = {
			isa = XCConfigurationList;
			buildConfigurations = (
				BF7253D72C1FDE2200098794 /* Debug */,
				BF7253D82C1FDE2200098794 /* Release */,
			);
			defaultConfigurationIsVisible = 0;
			defaultConfigurationName = Release;
		};
		BF7253D92C1FDE2200098794 /* Build configuration list for PBXNativeTarget "NC2-MagicFinger" */ = {
			isa = XCConfigurationList;
			buildConfigurations = (
				BF7253DA2C1FDE2200098794 /* Debug */,
				BF7253DB2C1FDE2200098794 /* Release */,
			);
			defaultConfigurationIsVisible = 0;
			defaultConfigurationName = Release;
		};
/* End XCConfigurationList section */
	};
	rootObject = BF7253C32C1FDE2000098794 /* Project object */;
}
